
Microsoft Visual Studio Solution File, Format Version 12.00
# Visual Studio Version 17
VisualStudioVersion = 17.8.34330.188
MinimumVisualStudioVersion = 10.0.40219.1
Project("{FAE04EC0-301F-11D3-BF4B-00C04F79EFBC}") = "InternshipExercise", "InternshipExercise\InternshipExercise.csproj", "{EE6EA87C-B9F5-49FB-B131-DD2AD9C408C0}"
EndProject
Global
	GlobalSection(SolutionConfigurationPlatforms) = preSolution
		Debug|Any CPU = Debug|Any CPU
		Release|Any CPU = Release|Any CPU
	EndGlobalSection
	GlobalSection(ProjectConfigurationPlatforms) = postSolution
		{EE6EA87C-B9F5-49FB-B131-DD2AD9C408C0}.Debug|Any CPU.ActiveCfg = Debug|Any CPU
		{EE6EA87C-B9F5-49FB-B131-DD2AD9C408C0}.Debug|Any CPU.Build.0 = Debug|Any CPU
		{EE6EA87C-B9F5-49FB-B131-DD2AD9C408C0}.Release|Any CPU.ActiveCfg = Release|Any CPU
		{EE6EA87C-B9F5-49FB-B131-DD2AD9C408C0}.Release|Any CPU.Build.0 = Release|Any CPU
	EndGlobalSection
	GlobalSection(SolutionProperties) = preSolution
		HideSolutionNode = FALSE
	EndGlobalSection
	GlobalSection(ExtensibilityGlobals) = postSolution
		SolutionGuid = {FE1F0F52-A091-43C9-AEC6-6F05A43FA089}
	EndGlobalSection
EndGlobal
